
Microsoft Visual Studio Solution File, Format Version 12.00
# Visual Studio Version 17
VisualStudioVersion = 17.7.34009.444
MinimumVisualStudioVersion = 10.0.40219.1
Project("{FAE04EC0-301F-11D3-BF4B-00C04F79EFBC}") = "MoneyTrackerApp", "MoneyTrackerApp\MoneyTrackerApp.csproj", "{37DC6A5C-7CBB-477E-B875-829BF7CCF6CB}"
EndProject
Global
	GlobalSection(SolutionConfigurationPlatforms) = preSolution
		Debug|Any CPU = Debug|Any CPU
		Release|Any CPU = Release|Any CPU
	EndGlobalSection
	GlobalSection(ProjectConfigurationPlatforms) = postSolution
		{37DC6A5C-7CBB-477E-B875-829BF7CCF6CB}.Debug|Any CPU.ActiveCfg = Debug|Any CPU
		{37DC6A5C-7CBB-477E-B875-829BF7CCF6CB}.Debug|Any CPU.Build.0 = Debug|Any CPU
		{37DC6A5C-7CBB-477E-B875-829BF7CCF6CB}.Release|Any CPU.ActiveCfg = Release|Any CPU
		{37DC6A5C-7CBB-477E-B875-829BF7CCF6CB}.Release|Any CPU.Build.0 = Release|Any CPU
	EndGlobalSection
	GlobalSection(SolutionProperties) = preSolution
		HideSolutionNode = FALSE
	EndGlobalSection
	GlobalSection(ExtensibilityGlobals) = postSolution
		SolutionGuid = {214AAA51-566D-414A-B1B6-7ACAFE9C1E36}
	EndGlobalSection
EndGlobal
